
Microsoft Visual Studio Solution File, Format Version 12.00
# Visual Studio Version 16
VisualStudioVersion = 16.0.29201.188
MinimumVisualStudioVersion = 10.0.40219.1
Project("{FAE04EC0-301F-11D3-BF4B-00C04F79EFBC}") = "Phillips Hue CSharp API", "Phillips Hue CSharp API\Phillips Hue CSharp API.csproj", "{19D07672-7761-4512-861B-E45B044A6ADA}"
EndProject
Global
	GlobalSection(SolutionConfigurationPlatforms) = preSolution
		Debug|Any CPU = Debug|Any CPU
		Release|Any CPU = Release|Any CPU
	EndGlobalSection
	GlobalSection(ProjectConfigurationPlatforms) = postSolution
		{19D07672-7761-4512-861B-E45B044A6ADA}.Debug|Any CPU.ActiveCfg = Debug|Any CPU
		{19D07672-7761-4512-861B-E45B044A6ADA}.Debug|Any CPU.Build.0 = Debug|Any CPU
		{19D07672-7761-4512-861B-E45B044A6ADA}.Release|Any CPU.ActiveCfg = Release|Any CPU
		{19D07672-7761-4512-861B-E45B044A6ADA}.Release|Any CPU.Build.0 = Release|Any CPU
	EndGlobalSection
	GlobalSection(SolutionProperties) = preSolution
		HideSolutionNode = FALSE
	EndGlobalSection
	GlobalSection(ExtensibilityGlobals) = postSolution
		SolutionGuid = {4D515927-B434-4562-8EBE-E3B35775A084}
	EndGlobalSection
EndGlobal
